
Microsoft Visual Studio Solution File, Format Version 10.00
# Visual Studio 2008
Project("{FAE04EC0-301F-11D3-BF4B-00C04F79EFBC}") = "Denik", "Denik\Denik.csproj", "{EFE992DD-9A09-45FC-94F5-8033A2044401}"
EndProject
Global
	GlobalSection(SolutionConfigurationPlatforms) = preSolution
		Debug|Any CPU = Debug|Any CPU
		Release|Any CPU = Release|Any CPU
	EndGlobalSection
	GlobalSection(ProjectConfigurationPlatforms) = postSolution
		{EFE992DD-9A09-45FC-94F5-8033A2044401}.Debug|Any CPU.ActiveCfg = Debug|Any CPU
		{EFE992DD-9A09-45FC-94F5-8033A2044401}.Debug|Any CPU.Build.0 = Debug|Any CPU
		{EFE992DD-9A09-45FC-94F5-8033A2044401}.Release|Any CPU.ActiveCfg = Release|Any CPU
		{EFE992DD-9A09-45FC-94F5-8033A2044401}.Release|Any CPU.Build.0 = Release|Any CPU
	EndGlobalSection
	GlobalSection(SolutionProperties) = preSolution
		HideSolutionNode = FALSE
	EndGlobalSection
EndGlobal
